{
    "name": "MyApp",
    "lockfileVersion": 3,
    "requires": true,
    "packages": {
        "": {
            "hasInstallScript": true,
            "dependencies": {
                "okai": "^0.0.49"
            }
        },
        "node_modules/blessed": {
            "version": "0.1.81",
            "resolved": "https://registry.npmjs.org/blessed/-/blessed-0.1.81.tgz",
            "integrity": "sha512-LoF5gae+hlmfORcG1M5+5XZi4LBmvlXTzwJWzUlPryN/SJdSflZvROM2TwkT0GMpq7oqT48NRd4GS7BiVBc5OQ==",
            "license": "MIT",
            "bin": {
                "blessed": "bin/tput.js"
            },
            "engines": {
                "node": ">= 0.8.0"
            }
        },
        "node_modules/okai": {
            "version": "0.0.49",
            "resolved": "https://registry.npmjs.org/okai/-/okai-0.0.49.tgz",
            "integrity": "sha512-NXxc9VEejt2oJ3OkVIPXw4ngCWgn4UsZQpSELBmkbuGRvM0Sy9QYldMO//+XEMRBcJgiM+xV6QCRP3CBN1OG0Q==",
            "dependencies": {
                "blessed": "^0.1.81"
            },
            "bin": {
                "okai": "bin/okai.js"
            },
            "engines": {
                "node": ">=24.0.0"
            }
        }
    }
}
